// !$*UTF8*$!
{
	archiveVersion = 1;
	classes = {
	};
	objectVersion = 45;
	objects = {

/* Begin PBXBuildFile section */
		17882E7A12D5DF2C00D0159D /* Difference.m in Sources */ = {isa = PBXBuildFile; fileRef = 17882E7912D5DF2C00D0159D /* Difference.m */; };
		17882F2A12D61E4000D0159D /* UITouchImageView.m in Sources */ = {isa = PBXBuildFile; fileRef = 17882F2912D61E4000D0159D /* UITouchImageView.m */; };
		17F6081A12D49C1900D598AE /* ImageManager.m in Sources */ = {isa = PBXBuildFile; fileRef = 17F6081912D49C1900D598AE /* ImageManager.m */; };
		17F6085512D4A7B700D598AE /* Images in Resources */ = {isa = PBXBuildFile; fileRef = 17F6085112D4A7B700D598AE /* Images */; };
		17F6085A12D4A7C600D598AE /* Metadata in Resources */ = {isa = PBXBuildFile; fileRef = 17F6085612D4A7C600D598AE /* Metadata */; };
		1D3623260D0F684500981E51 /* igstdAppDelegate.m in Sources */ = {isa = PBXBuildFile; fileRef = 1D3623250D0F684500981E51 /* igstdAppDelegate.m */; };
		1D60589B0D05DD56006BFB54 /* main.m in Sources */ = {isa = PBXBuildFile; fileRef = 29B97316FDCFA39411CA2CEA /* main.m */; };
		1D60589F0D05DD5A006BFB54 /* Foundation.framework in Frameworks */ = {isa = PBXBuildFile; fileRef = 1D30AB110D05D00D00671497 /* Foundation.framework */; };
		1DF5F4E00D08C38300B7A737 /* UIKit.framework in Frameworks */ = {isa = PBXBuildFile; fileRef = 1DF5F4DF0D08C38300B7A737 /* UIKit.framework */; };
		28216C970DB411BC00E5133A /* MapViewController.m in Sources */ = {isa = PBXBuildFile; fileRef = 28216C960DB411BC00E5133A /* MapViewController.m */; };
		284F764110B34E8A00D7BA5B /* ImageViewController.m in Sources */ = {isa = PBXBuildFile; fileRef = 284F764010B34E8A00D7BA5B /* ImageViewController.m */; };
		288765080DF74369002DB57D /* CoreGraphics.framework in Frameworks */ = {isa = PBXBuildFile; fileRef = 288765070DF74369002DB57D /* CoreGraphics.framework */; };
		28AD73880D9D96C1002E5188 /* MainWindow.xib in Resources */ = {isa = PBXBuildFile; fileRef = 28AD73870D9D96C1002E5188 /* MainWindow.xib */; };
		474C4D7E12D382AA00F8F2A9 /* UIImage+Resizing.m in Sources */ = {isa = PBXBuildFile; fileRef = 474C4D7D12D382AA00F8F2A9 /* UIImage+Resizing.m */; };
		47CBED9A12D2590B00993604 /* SpotImage.m in Sources */ = {isa = PBXBuildFile; fileRef = 47CBED9912D2590B00993604 /* SpotImage.m */; };
		47CBED9C12D2591E00993604 /* CoreLocation.framework in Frameworks */ = {isa = PBXBuildFile; fileRef = 47CBED9B12D2591E00993604 /* CoreLocation.framework */; };
		47CBEDA012D2592700993604 /* MapKit.framework in Frameworks */ = {isa = PBXBuildFile; fileRef = 47CBED9F12D2592700993604 /* MapKit.framework */; };
		47CBEDC412D25B2400993604 /* MapView.xib in Resources */ = {isa = PBXBuildFile; fileRef = 47CBEDC312D25B2400993604 /* MapView.xib */; };
		47CBEDC612D25B2F00993604 /* ImageView.xib in Resources */ = {isa = PBXBuildFile; fileRef = 47CBEDC512D25B2F00993604 /* ImageView.xib */; };
/* End PBXBuildFile section */

/* Begin PBXFileReference section */
		17882E7812D5DF2C00D0159D /* Difference.h */ = {isa = PBXFileReference; fileEncoding = 4; lastKnownFileType = sourcecode.c.h; path = Difference.h; sourceTree = "<group>"; };
		17882E7912D5DF2C00D0159D /* Difference.m */ = {isa = PBXFileReference; fileEncoding = 4; lastKnownFileType = sourcecode.c.objc; path = Difference.m; sourceTree = "<group>"; };
		17882F2812D61E4000D0159D /* UITouchImageView.h */ = {isa = PBXFileReference; fileEncoding = 4; lastKnownFileType = sourcecode.c.h; path = UITouchImageView.h; sourceTree = "<group>"; };
		17882F2912D61E4000D0159D /* UITouchImageView.m */ = {isa = PBXFileReference; fileEncoding = 4; lastKnownFileType = sourcecode.c.objc; path = UITouchImageView.m; sourceTree = "<group>"; };
		17F6081812D49C1900D598AE /* ImageManager.h */ = {isa = PBXFileReference; fileEncoding = 4; lastKnownFileType = sourcecode.c.h; path = ImageManager.h; sourceTree = "<group>"; };
		17F6081912D49C1900D598AE /* ImageManager.m */ = {isa = PBXFileReference; fileEncoding = 4; lastKnownFileType = sourcecode.c.objc; path = ImageManager.m; sourceTree = "<group>"; };
		17F6085112D4A7B700D598AE /* Images */ = {isa = PBXFileReference; lastKnownFileType = folder; path = Images; sourceTree = "<group>"; };
		17F6085612D4A7C600D598AE /* Metadata */ = {isa = PBXFileReference; lastKnownFileType = folder; path = Metadata; sourceTree = "<group>"; };
		1D30AB110D05D00D00671497 /* Foundation.framework */ = {isa = PBXFileReference; lastKnownFileType = wrapper.framework; name = Foundation.framework; path = System/Library/Frameworks/Foundation.framework; sourceTree = SDKROOT; };
		1D3623240D0F684500981E51 /* igstdAppDelegate.h */ = {isa = PBXFileReference; fileEncoding = 4; lastKnownFileType = sourcecode.c.h; path = igstdAppDelegate.h; sourceTree = "<group>"; };
		1D3623250D0F684500981E51 /* igstdAppDelegate.m */ = {isa = PBXFileReference; fileEncoding = 4; lastKnownFileType = sourcecode.c.objc; path = igstdAppDelegate.m; sourceTree = "<group>"; };
		1D6058910D05DD3D006BFB54 /* igstd.app */ = {isa = PBXFileReference; explicitFileType = wrapper.application; includeInIndex = 0; path = igstd.app; sourceTree = BUILT_PRODUCTS_DIR; };
		1DF5F4DF0D08C38300B7A737 /* UIKit.framework */ = {isa = PBXFileReference; lastKnownFileType = wrapper.framework; name = UIKit.framework; path = System/Library/Frameworks/UIKit.framework; sourceTree = SDKROOT; };
		28216C950DB411BC00E5133A /* MapViewController.h */ = {isa = PBXFileReference; fileEncoding = 4; lastKnownFileType = sourcecode.c.h; path = MapViewController.h; sourceTree = "<group>"; };
		28216C960DB411BC00E5133A /* MapViewController.m */ = {isa = PBXFileReference; fileEncoding = 4; lastKnownFileType = sourcecode.c.objc; path = MapViewController.m; sourceTree = "<group>"; };
		284F763F10B34E8A00D7BA5B /* ImageViewController.h */ = {isa = PBXFileReference; fileEncoding = 4; lastKnownFileType = sourcecode.c.h; path = ImageViewController.h; sourceTree = "<group>"; };
		284F764010B34E8A00D7BA5B /* ImageViewController.m */ = {isa = PBXFileReference; fileEncoding = 4; lastKnownFileType = sourcecode.c.objc; path = ImageViewController.m; sourceTree = "<group>"; };
		288765070DF74369002DB57D /* CoreGraphics.framework */ = {isa = PBXFileReference; lastKnownFileType = wrapper.framework; name = CoreGraphics.framework; path = System/Library/Frameworks/CoreGraphics.framework; sourceTree = SDKROOT; };
		28A0AB4B0D9B1048005BE974 /* igstd_Prefix.pch */ = {isa = PBXFileReference; fileEncoding = 4; lastKnownFileType = sourcecode.c.h; path = igstd_Prefix.pch; sourceTree = "<group>"; };
		28AD73870D9D96C1002E5188 /* MainWindow.xib */ = {isa = PBXFileReference; lastKnownFileType = file.xib; path = MainWindow.xib; sourceTree = "<group>"; };
		29B97316FDCFA39411CA2CEA /* main.m */ = {isa = PBXFileReference; fileEncoding = 4; lastKnownFileType = sourcecode.c.objc; path = main.m; sourceTree = "<group>"; };
		474C4D7C12D382AA00F8F2A9 /* UIImage+Resizing.h */ = {isa = PBXFileReference; fileEncoding = 4; lastKnownFileType = sourcecode.c.h; path = "UIImage+Resizing.h"; sourceTree = "<group>"; };
		474C4D7D12D382AA00F8F2A9 /* UIImage+Resizing.m */ = {isa = PBXFileReference; fileEncoding = 4; lastKnownFileType = sourcecode.c.objc; path = "UIImage+Resizing.m"; sourceTree = "<group>"; };
		47CBED9812D2590B00993604 /* SpotImage.h */ = {isa = PBXFileReference; fileEncoding = 4; lastKnownFileType = sourcecode.c.h; path = SpotImage.h; sourceTree = "<group>"; };
		47CBED9912D2590B00993604 /* SpotImage.m */ = {isa = PBXFileReference; fileEncoding = 4; lastKnownFileType = sourcecode.c.objc; path = SpotImage.m; sourceTree = "<group>"; };
		47CBED9B12D2591E00993604 /* CoreLocation.framework */ = {isa = PBXFileReference; lastKnownFileType = wrapper.framework; name = CoreLocation.framework; path = System/Library/Frameworks/CoreLocation.framework; sourceTree = SDKROOT; };
		47CBED9F12D2592700993604 /* MapKit.framework */ = {isa = PBXFileReference; lastKnownFileType = wrapper.framework; name = MapKit.framework; path = System/Library/Frameworks/MapKit.framework; sourceTree = SDKROOT; };
		47CBEDC312D25B2400993604 /* MapView.xib */ = {isa = PBXFileReference; lastKnownFileType = file.xib; path = MapView.xib; sourceTree = "<group>"; };
		47CBEDC512D25B2F00993604 /* ImageView.xib */ = {isa = PBXFileReference; lastKnownFileType = file.xib; path = ImageView.xib; sourceTree = "<group>"; };
		8D1107310486CEB800E47090 /* igstd-Info.plist */ = {isa = PBXFileReference; fileEncoding = 4; lastKnownFileType = text.plist.xml; path = "igstd-Info.plist"; plistStructureDefinitionIdentifier = "com.apple.xcode.plist.structure-definition.iphone.info-plist"; sourceTree = "<group>"; };
/* End PBXFileReference section */

/* Begin PBXFrameworksBuildPhase section */
		1D60588F0D05DD3D006BFB54 /* Frameworks */ = {
			isa = PBXFrameworksBuildPhase;
			buildActionMask = 2147483647;
			files = (
				1D60589F0D05DD5A006BFB54 /* Foundation.framework in Frameworks */,
				1DF5F4E00D08C38300B7A737 /* UIKit.framework in Frameworks */,
				288765080DF74369002DB57D /* CoreGraphics.framework in Frameworks */,
				47CBED9C12D2591E00993604 /* CoreLocation.framework in Frameworks */,
				47CBEDA012D2592700993604 /* MapKit.framework in Frameworks */,
			);
			runOnlyForDeploymentPostprocessing = 0;
		};
/* End PBXFrameworksBuildPhase section */

/* Begin PBXGroup section */
		080E96DDFE201D6D7F000001 /* Classes */ = {
			isa = PBXGroup;
			children = (
				1D3623240D0F684500981E51 /* igstdAppDelegate.h */,
				1D3623250D0F684500981E51 /* igstdAppDelegate.m */,
				28216C950DB411BC00E5133A /* MapViewController.h */,
				28216C960DB411BC00E5133A /* MapViewController.m */,
				284F763F10B34E8A00D7BA5B /* ImageViewController.h */,
				284F764010B34E8A00D7BA5B /* ImageViewController.m */,
				47CBED9812D2590B00993604 /* SpotImage.h */,
				47CBED9912D2590B00993604 /* SpotImage.m */,
				474C4D7C12D382AA00F8F2A9 /* UIImage+Resizing.h */,
				474C4D7D12D382AA00F8F2A9 /* UIImage+Resizing.m */,
				17F6081812D49C1900D598AE /* ImageManager.h */,
				17F6081912D49C1900D598AE /* ImageManager.m */,
				17882E7812D5DF2C00D0159D /* Difference.h */,
				17882E7912D5DF2C00D0159D /* Difference.m */,
				17882F2812D61E4000D0159D /* UITouchImageView.h */,
				17882F2912D61E4000D0159D /* UITouchImageView.m */,
			);
			path = Classes;
			sourceTree = "<group>";
		};
		19C28FACFE9D520D11CA2CBB /* Products */ = {
			isa = PBXGroup;
			children = (
				1D6058910D05DD3D006BFB54 /* igstd.app */,
			);
			name = Products;
			sourceTree = "<group>";
		};
		29B97314FDCFA39411CA2CEA /* igstd */ = {
			isa = PBXGroup;
			children = (
				080E96DDFE201D6D7F000001 /* Classes */,
				29B97315FDCFA39411CA2CEA /* Other Sources */,
				29B97317FDCFA39411CA2CEA /* Resources */,
				29B97323FDCFA39411CA2CEA /* Frameworks */,
				19C28FACFE9D520D11CA2CBB /* Products */,
				47CBED9B12D2591E00993604 /* CoreLocation.framework */,
				47CBED9F12D2592700993604 /* MapKit.framework */,
			);
			name = igstd;
			sourceTree = "<group>";
		};
		29B97315FDCFA39411CA2CEA /* Other Sources */ = {
			isa = PBXGroup;
			children = (
				28A0AB4B0D9B1048005BE974 /* igstd_Prefix.pch */,
				29B97316FDCFA39411CA2CEA /* main.m */,
			);
			name = "Other Sources";
			sourceTree = "<group>";
		};
		29B97317FDCFA39411CA2CEA /* Resources */ = {
			isa = PBXGroup;
			children = (
				17F6085612D4A7C600D598AE /* Metadata */,
				17F6085112D4A7B700D598AE /* Images */,
				47CBEDC512D25B2F00993604 /* ImageView.xib */,
				47CBEDC312D25B2400993604 /* MapView.xib */,
				28AD73870D9D96C1002E5188 /* MainWindow.xib */,
				8D1107310486CEB800E47090 /* igstd-Info.plist */,
			);
			name = Resources;
			sourceTree = "<group>";
		};
		29B97323FDCFA39411CA2CEA /* Frameworks */ = {
			isa = PBXGroup;
			children = (
				1DF5F4DF0D08C38300B7A737 /* UIKit.framework */,
				1D30AB110D05D00D00671497 /* Foundation.framework */,
				288765070DF74369002DB57D /* CoreGraphics.framework */,
			);
			name = Frameworks;
			sourceTree = "<group>";
		};
/* End PBXGroup section */

/* Begin PBXNativeTarget section */
		1D6058900D05DD3D006BFB54 /* igstd */ = {
			isa = PBXNativeTarget;
			buildConfigurationList = 1D6058960D05DD3E006BFB54 /* Build configuration list for PBXNativeTarget "igstd" */;
			buildPhases = (
				1D60588D0D05DD3D006BFB54 /* Resources */,
				1D60588E0D05DD3D006BFB54 /* Sources */,
				1D60588F0D05DD3D006BFB54 /* Frameworks */,
			);
			buildRules = (
			);
			dependencies = (
			);
			name = igstd;
			productName = igstd;
			productReference = 1D6058910D05DD3D006BFB54 /* igstd.app */;
			productType = "com.apple.product-type.application";
		};
/* End PBXNativeTarget section */

/* Begin PBXProject section */
		29B97313FDCFA39411CA2CEA /* Project object */ = {
			isa = PBXProject;
			buildConfigurationList = C01FCF4E08A954540054247B /* Build configuration list for PBXProject "igstd" */;
			compatibilityVersion = "Xcode 3.1";
			developmentRegion = English;
			hasScannedForEncodings = 1;
			knownRegions = (
				English,
				Japanese,
				French,
				German,
			);
			mainGroup = 29B97314FDCFA39411CA2CEA /* igstd */;
			projectDirPath = "";
			projectRoot = "";
			targets = (
				1D6058900D05DD3D006BFB54 /* igstd */,
			);
		};
/* End PBXProject section */

/* Begin PBXResourcesBuildPhase section */
		1D60588D0D05DD3D006BFB54 /* Resources */ = {
			isa = PBXResourcesBuildPhase;
			buildActionMask = 2147483647;
			files = (
				28AD73880D9D96C1002E5188 /* MainWindow.xib in Resources */,
				47CBEDC412D25B2400993604 /* MapView.xib in Resources */,
				47CBEDC612D25B2F00993604 /* ImageView.xib in Resources */,
				17F6085512D4A7B700D598AE /* Images in Resources */,
				17F6085A12D4A7C600D598AE /* Metadata in Resources */,
			);
			runOnlyForDeploymentPostprocessing = 0;
		};
/* End PBXResourcesBuildPhase section */

/* Begin PBXSourcesBuildPhase section */
		1D60588E0D05DD3D006BFB54 /* Sources */ = {
			isa = PBXSourcesBuildPhase;
			buildActionMask = 2147483647;
			files = (
				1D60589B0D05DD56006BFB54 /* main.m in Sources */,
				1D3623260D0F684500981E51 /* igstdAppDelegate.m in Sources */,
				28216C970DB411BC00E5133A /* MapViewController.m in Sources */,
				284F764110B34E8A00D7BA5B /* ImageViewController.m in Sources */,
				47CBED9A12D2590B00993604 /* SpotImage.m in Sources */,
				474C4D7E12D382AA00F8F2A9 /* UIImage+Resizing.m in Sources */,
				17F6081A12D49C1900D598AE /* ImageManager.m in Sources */,
				17882E7A12D5DF2C00D0159D /* Difference.m in Sources */,
				17882F2A12D61E4000D0159D /* UITouchImageView.m in Sources */,
			);
			runOnlyForDeploymentPostprocessing = 0;
		};
/* End PBXSourcesBuildPhase section */

/* Begin XCBuildConfiguration section */
		1D6058940D05DD3E006BFB54 /* Debug */ = {
			isa = XCBuildConfiguration;
			buildSettings = {
				ALWAYS_SEARCH_USER_PATHS = NO;
				COPY_PHASE_STRIP = NO;
				GCC_DYNAMIC_NO_PIC = NO;
				GCC_OPTIMIZATION_LEVEL = 0;
				GCC_PRECOMPILE_PREFIX_HEADER = YES;
				GCC_PREFIX_HEADER = igstd_Prefix.pch;
				INFOPLIST_FILE = "igstd-Info.plist";
				PRODUCT_NAME = igstd;
			};
			name = Debug;
		};
		1D6058950D05DD3E006BFB54 /* Release */ = {
			isa = XCBuildConfiguration;
			buildSettings = {
				ALWAYS_SEARCH_USER_PATHS = NO;
				COPY_PHASE_STRIP = YES;
				GCC_PRECOMPILE_PREFIX_HEADER = YES;
				GCC_PREFIX_HEADER = igstd_Prefix.pch;
				INFOPLIST_FILE = "igstd-Info.plist";
				PRODUCT_NAME = igstd;
				VALIDATE_PRODUCT = YES;
			};
			name = Release;
		};
		C01FCF4F08A954540054247B /* Debug */ = {
			isa = XCBuildConfiguration;
			buildSettings = {
				ARCHS = "$(ARCHS_UNIVERSAL_IPHONE_OS)";
				"CODE_SIGN_IDENTITY[sdk=iphoneos*]" = "iPhone Developer";
				GCC_C_LANGUAGE_STANDARD = c99;
				GCC_WARN_ABOUT_RETURN_TYPE = YES;
				GCC_WARN_UNUSED_VARIABLE = YES;
				PREBINDING = NO;
				SDKROOT = iphoneos;
				TARGETED_DEVICE_FAMILY = 2;
			};
			name = Debug;
		};
		C01FCF5008A954540054247B /* Release */ = {
			isa = XCBuildConfiguration;
			buildSettings = {
				ARCHS = "$(ARCHS_UNIVERSAL_IPHONE_OS)";
				"CODE_SIGN_IDENTITY[sdk=iphoneos*]" = "iPhone Developer";
				GCC_C_LANGUAGE_STANDARD = c99;
				GCC_WARN_ABOUT_RETURN_TYPE = YES;
				GCC_WARN_UNUSED_VARIABLE = YES;
				OTHER_CFLAGS = "-DNS_BLOCK_ASSERTIONS=1";
				PREBINDING = NO;
				SDKROOT = iphoneos;
				TARGETED_DEVICE_FAMILY = 2;
			};
			name = Release;
		};
/* End XCBuildConfiguration section */

/* Begin XCConfigurationList section */
		1D6058960D05DD3E006BFB54 /* Build configuration list for PBXNativeTarget "igstd" */ = {
			isa = XCConfigurationList;
			buildConfigurations = (
				1D6058940D05DD3E006BFB54 /* Debug */,
				1D6058950D05DD3E006BFB54 /* Release */,
			);
			defaultConfigurationIsVisible = 0;
			defaultConfigurationName = Release;
		};
		C01FCF4E08A954540054247B /* Build configuration list for PBXProject "igstd" */ = {
			isa = XCConfigurationList;
			buildConfigurations = (
				C01FCF4F08A954540054247B /* Debug */,
				C01FCF5008A954540054247B /* Release */,
			);
			defaultConfigurationIsVisible = 0;
			defaultConfigurationName = Release;
		};
/* End XCConfigurationList section */
	};
	rootObject = 29B97313FDCFA39411CA2CEA /* Project object */;
}
